
Microsoft Visual Studio Solution File, Format Version 12.00
# Visual Studio Version 17
VisualStudioVersion = 17.7.34221.43
MinimumVisualStudioVersion = 10.0.40219.1
Project("{FAE04EC0-301F-11D3-BF4B-00C04F79EFBC}") = "GIK299_L2_GIT", "GIK299_L2_GIT\GIK299_L2_GIT.csproj", "{54114EB2-33AA-44EA-8EDA-7CD8586E05C7}"
EndProject
Global
	GlobalSection(SolutionConfigurationPlatforms) = preSolution
		Debug|Any CPU = Debug|Any CPU
		Release|Any CPU = Release|Any CPU
	EndGlobalSection
	GlobalSection(ProjectConfigurationPlatforms) = postSolution
		{54114EB2-33AA-44EA-8EDA-7CD8586E05C7}.Debug|Any CPU.ActiveCfg = Debug|Any CPU
		{54114EB2-33AA-44EA-8EDA-7CD8586E05C7}.Debug|Any CPU.Build.0 = Debug|Any CPU
		{54114EB2-33AA-44EA-8EDA-7CD8586E05C7}.Release|Any CPU.ActiveCfg = Release|Any CPU
		{54114EB2-33AA-44EA-8EDA-7CD8586E05C7}.Release|Any CPU.Build.0 = Release|Any CPU
	EndGlobalSection
	GlobalSection(SolutionProperties) = preSolution
		HideSolutionNode = FALSE
	EndGlobalSection
	GlobalSection(ExtensibilityGlobals) = postSolution
		SolutionGuid = {7A135131-55DE-4E99-B3E0-4867B553218D}
	EndGlobalSection
EndGlobal
